// !$*UTF8*$!
{
	archiveVersion = 1;
	classes = {
	};
	objectVersion = 56;
	objects = {

/* Begin PBXBuildFile section */
		D6BF727D2B3FF6DD00CCDB74 /* InstagramApp.swift in Sources */ = {isa = PBXBuildFile; fileRef = D6BF727C2B3FF6DD00CCDB74 /* InstagramApp.swift */; };
		D6BF727F2B3FF6DD00CCDB74 /* ContentView.swift in Sources */ = {isa = PBXBuildFile; fileRef = D6BF727E2B3FF6DD00CCDB74 /* ContentView.swift */; };
		D6BF72812B3FF6DE00CCDB74 /* Assets.xcassets in Resources */ = {isa = PBXBuildFile; fileRef = D6BF72802B3FF6DE00CCDB74 /* Assets.xcassets */; };
		D6BF72842B3FF6DE00CCDB74 /* Preview Assets.xcassets in Resources */ = {isa = PBXBuildFile; fileRef = D6BF72832B3FF6DE00CCDB74 /* Preview Assets.xcassets */; };
		D6BF72892B3FF6DE00CCDB74 /* Instagram.xcdatamodeld in Sources */ = {isa = PBXBuildFile; fileRef = D6BF72872B3FF6DE00CCDB74 /* Instagram.xcdatamodeld */; };
		D6BF72932B3FF6DE00CCDB74 /* InstagramTests.swift in Sources */ = {isa = PBXBuildFile; fileRef = D6BF72922B3FF6DE00CCDB74 /* InstagramTests.swift */; };
		D6BF729D2B3FF6DE00CCDB74 /* InstagramUITests.swift in Sources */ = {isa = PBXBuildFile; fileRef = D6BF729C2B3FF6DE00CCDB74 /* InstagramUITests.swift */; };
		D6BF729F2B3FF6DE00CCDB74 /* InstagramUITestsLaunchTests.swift in Sources */ = {isa = PBXBuildFile; fileRef = D6BF729E2B3FF6DE00CCDB74 /* InstagramUITestsLaunchTests.swift */; };
		D6EC22152B5D4BFD00B705E2 /* MyHomeMainView.swift in Sources */ = {isa = PBXBuildFile; fileRef = D6EC22142B5D4BFD00B705E2 /* MyHomeMainView.swift */; };
		D6EC22182B5D4C1000B705E2 /* SearchMainView.swift in Sources */ = {isa = PBXBuildFile; fileRef = D6EC22172B5D4C1000B705E2 /* SearchMainView.swift */; };
		D6EC221A2B5D4C1E00B705E2 /* PlusMainView.swift in Sources */ = {isa = PBXBuildFile; fileRef = D6EC22192B5D4C1E00B705E2 /* PlusMainView.swift */; };
		D6EC221C2B5D4C2C00B705E2 /* VideoMainView.swift in Sources */ = {isa = PBXBuildFile; fileRef = D6EC221B2B5D4C2C00B705E2 /* VideoMainView.swift */; };
		D6EC221E2B5D4C3800B705E2 /* MyPageMainView.swift in Sources */ = {isa = PBXBuildFile; fileRef = D6EC221D2B5D4C3800B705E2 /* MyPageMainView.swift */; };
/* End PBXBuildFile section */

/* Begin PBXContainerItemProxy section */
		D6BF728F2B3FF6DE00CCDB74 /* PBXContainerItemProxy */ = {
			isa = PBXContainerItemProxy;
			containerPortal = D6BF72712B3FF6DD00CCDB74 /* Project object */;
			proxyType = 1;
			remoteGlobalIDString = D6BF72782B3FF6DD00CCDB74;
			remoteInfo = Instagram;
		};
		D6BF72992B3FF6DE00CCDB74 /* PBXContainerItemProxy */ = {
			isa = PBXContainerItemProxy;
			containerPortal = D6BF72712B3FF6DD00CCDB74 /* Project object */;
			proxyType = 1;
			remoteGlobalIDString = D6BF72782B3FF6DD00CCDB74;
			remoteInfo = Instagram;
		};
/* End PBXContainerItemProxy section */

/* Begin PBXFileReference section */
		D6BF72792B3FF6DD00CCDB74 /* Instagram.app */ = {isa = PBXFileReference; explicitFileType = wrapper.application; includeInIndex = 0; path = Instagram.app; sourceTree = BUILT_PRODUCTS_DIR; };
		D6BF727C2B3FF6DD00CCDB74 /* InstagramApp.swift */ = {isa = PBXFileReference; lastKnownFileType = sourcecode.swift; path = InstagramApp.swift; sourceTree = "<group>"; };
		D6BF727E2B3FF6DD00CCDB74 /* ContentView.swift */ = {isa = PBXFileReference; lastKnownFileType = sourcecode.swift; path = ContentView.swift; sourceTree = "<group>"; };
		D6BF72802B3FF6DE00CCDB74 /* Assets.xcassets */ = {isa = PBXFileReference; lastKnownFileType = folder.assetcatalog; path = Assets.xcassets; sourceTree = "<group>"; };
		D6BF72832B3FF6DE00CCDB74 /* Preview Assets.xcassets */ = {isa = PBXFileReference; lastKnownFileType = folder.assetcatalog; path = "Preview Assets.xcassets"; sourceTree = "<group>"; };
		D6BF72882B3FF6DE00CCDB74 /* Instagram.xcdatamodel */ = {isa = PBXFileReference; lastKnownFileType = wrapper.xcdatamodel; path = Instagram.xcdatamodel; sourceTree = "<group>"; };
		D6BF728E2B3FF6DE00CCDB74 /* InstagramTests.xctest */ = {isa = PBXFileReference; explicitFileType = wrapper.cfbundle; includeInIndex = 0; path = InstagramTests.xctest; sourceTree = BUILT_PRODUCTS_DIR; };
		D6BF72922B3FF6DE00CCDB74 /* InstagramTests.swift */ = {isa = PBXFileReference; lastKnownFileType = sourcecode.swift; path = InstagramTests.swift; sourceTree = "<group>"; };
		D6BF72982B3FF6DE00CCDB74 /* InstagramUITests.xctest */ = {isa = PBXFileReference; explicitFileType = wrapper.cfbundle; includeInIndex = 0; path = InstagramUITests.xctest; sourceTree = BUILT_PRODUCTS_DIR; };
		D6BF729C2B3FF6DE00CCDB74 /* InstagramUITests.swift */ = {isa = PBXFileReference; lastKnownFileType = sourcecode.swift; path = InstagramUITests.swift; sourceTree = "<group>"; };
		D6BF729E2B3FF6DE00CCDB74 /* InstagramUITestsLaunchTests.swift */ = {isa = PBXFileReference; lastKnownFileType = sourcecode.swift; path = InstagramUITestsLaunchTests.swift; sourceTree = "<group>"; };
		D6EC22142B5D4BFD00B705E2 /* MyHomeMainView.swift */ = {isa = PBXFileReference; lastKnownFileType = sourcecode.swift; path = MyHomeMainView.swift; sourceTree = "<group>"; };
		D6EC22172B5D4C1000B705E2 /* SearchMainView.swift */ = {isa = PBXFileReference; lastKnownFileType = sourcecode.swift; path = SearchMainView.swift; sourceTree = "<group>"; };
		D6EC22192B5D4C1E00B705E2 /* PlusMainView.swift */ = {isa = PBXFileReference; lastKnownFileType = sourcecode.swift; path = PlusMainView.swift; sourceTree = "<group>"; };
		D6EC221B2B5D4C2C00B705E2 /* VideoMainView.swift */ = {isa = PBXFileReference; lastKnownFileType = sourcecode.swift; path = VideoMainView.swift; sourceTree = "<group>"; };
		D6EC221D2B5D4C3800B705E2 /* MyPageMainView.swift */ = {isa = PBXFileReference; lastKnownFileType = sourcecode.swift; path = MyPageMainView.swift; sourceTree = "<group>"; };
/* End PBXFileReference section */

/* Begin PBXFrameworksBuildPhase section */
		D6BF72762B3FF6DD00CCDB74 /* Frameworks */ = {
			isa = PBXFrameworksBuildPhase;
			buildActionMask = 2147483647;
			files = (
			);
			runOnlyForDeploymentPostprocessing = 0;
		};
		D6BF728B2B3FF6DE00CCDB74 /* Frameworks */ = {
			isa = PBXFrameworksBuildPhase;
			buildActionMask = 2147483647;
			files = (
			);
			runOnlyForDeploymentPostprocessing = 0;
		};
		D6BF72952B3FF6DE00CCDB74 /* Frameworks */ = {
			isa = PBXFrameworksBuildPhase;
			buildActionMask = 2147483647;
			files = (
			);
			runOnlyForDeploymentPostprocessing = 0;
		};
/* End PBXFrameworksBuildPhase section */

/* Begin PBXGroup section */
		D6BF72702B3FF6DD00CCDB74 = {
			isa = PBXGroup;
			children = (
				D6BF727B2B3FF6DD00CCDB74 /* Instagram */,
				D6BF72912B3FF6DE00CCDB74 /* InstagramTests */,
				D6BF729B2B3FF6DE00CCDB74 /* InstagramUITests */,
				D6BF727A2B3FF6DD00CCDB74 /* Products */,
			);
			sourceTree = "<group>";
		};
		D6BF727A2B3FF6DD00CCDB74 /* Products */ = {
			isa = PBXGroup;
			children = (
				D6BF72792B3FF6DD00CCDB74 /* Instagram.app */,
				D6BF728E2B3FF6DE00CCDB74 /* InstagramTests.xctest */,
				D6BF72982B3FF6DE00CCDB74 /* InstagramUITests.xctest */,
			);
			name = Products;
			sourceTree = "<group>";
		};
		D6BF727B2B3FF6DD00CCDB74 /* Instagram */ = {
			isa = PBXGroup;
			children = (
				D6EC22162B5D4C0200B705E2 /* Tab */,
				D6BF727C2B3FF6DD00CCDB74 /* InstagramApp.swift */,
				D6BF727E2B3FF6DD00CCDB74 /* ContentView.swift */,
				D6BF72802B3FF6DE00CCDB74 /* Assets.xcassets */,
				D6BF72872B3FF6DE00CCDB74 /* Instagram.xcdatamodeld */,
				D6BF72822B3FF6DE00CCDB74 /* Preview Content */,
			);
			path = Instagram;
			sourceTree = "<group>";
		};
		D6BF72822B3FF6DE00CCDB74 /* Preview Content */ = {
			isa = PBXGroup;
			children = (
				D6BF72832B3FF6DE00CCDB74 /* Preview Assets.xcassets */,
			);
			path = "Preview Content";
			sourceTree = "<group>";
		};
		D6BF72912B3FF6DE00CCDB74 /* InstagramTests */ = {
			isa = PBXGroup;
			children = (
				D6BF72922B3FF6DE00CCDB74 /* InstagramTests.swift */,
			);
			path = InstagramTests;
			sourceTree = "<group>";
		};
		D6BF729B2B3FF6DE00CCDB74 /* InstagramUITests */ = {
			isa = PBXGroup;
			children = (
				D6BF729C2B3FF6DE00CCDB74 /* InstagramUITests.swift */,
				D6BF729E2B3FF6DE00CCDB74 /* InstagramUITestsLaunchTests.swift */,
			);
			path = InstagramUITests;
			sourceTree = "<group>";
		};
		D6EC22162B5D4C0200B705E2 /* Tab */ = {
			isa = PBXGroup;
			children = (
				D6EC22142B5D4BFD00B705E2 /* MyHomeMainView.swift */,
				D6EC22172B5D4C1000B705E2 /* SearchMainView.swift */,
				D6EC22192B5D4C1E00B705E2 /* PlusMainView.swift */,
				D6EC221B2B5D4C2C00B705E2 /* VideoMainView.swift */,
				D6EC221D2B5D4C3800B705E2 /* MyPageMainView.swift */,
			);
			path = Tab;
			sourceTree = "<group>";
		};
/* End PBXGroup section */

/* Begin PBXNativeTarget section */
		D6BF72782B3FF6DD00CCDB74 /* Instagram */ = {
			isa = PBXNativeTarget;
			buildConfigurationList = D6BF72A22B3FF6DE00CCDB74 /* Build configuration list for PBXNativeTarget "Instagram" */;
			buildPhases = (
				D6BF72752B3FF6DD00CCDB74 /* Sources */,
				D6BF72762B3FF6DD00CCDB74 /* Frameworks */,
				D6BF72772B3FF6DD00CCDB74 /* Resources */,
			);
			buildRules = (
			);
			dependencies = (
			);
			name = Instagram;
			productName = Instagram;
			productReference = D6BF72792B3FF6DD00CCDB74 /* Instagram.app */;
			productType = "com.apple.product-type.application";
		};
		D6BF728D2B3FF6DE00CCDB74 /* InstagramTests */ = {
			isa = PBXNativeTarget;
			buildConfigurationList = D6BF72A52B3FF6DE00CCDB74 /* Build configuration list for PBXNativeTarget "InstagramTests" */;
			buildPhases = (
				D6BF728A2B3FF6DE00CCDB74 /* Sources */,
				D6BF728B2B3FF6DE00CCDB74 /* Frameworks */,
				D6BF728C2B3FF6DE00CCDB74 /* Resources */,
			);
			buildRules = (
			);
			dependencies = (
				D6BF72902B3FF6DE00CCDB74 /* PBXTargetDependency */,
			);
			name = InstagramTests;
			productName = InstagramTests;
			productReference = D6BF728E2B3FF6DE00CCDB74 /* InstagramTests.xctest */;
			productType = "com.apple.product-type.bundle.unit-test";
		};
		D6BF72972B3FF6DE00CCDB74 /* InstagramUITests */ = {
			isa = PBXNativeTarget;
			buildConfigurationList = D6BF72A82B3FF6DE00CCDB74 /* Build configuration list for PBXNativeTarget "InstagramUITests" */;
			buildPhases = (
				D6BF72942B3FF6DE00CCDB74 /* Sources */,
				D6BF72952B3FF6DE00CCDB74 /* Frameworks */,
				D6BF72962B3FF6DE00CCDB74 /* Resources */,
			);
			buildRules = (
			);
			dependencies = (
				D6BF729A2B3FF6DE00CCDB74 /* PBXTargetDependency */,
			);
			name = InstagramUITests;
			productName = InstagramUITests;
			productReference = D6BF72982B3FF6DE00CCDB74 /* InstagramUITests.xctest */;
			productType = "com.apple.product-type.bundle.ui-testing";
		};
/* End PBXNativeTarget section */

/* Begin PBXProject section */
		D6BF72712B3FF6DD00CCDB74 /* Project object */ = {
			isa = PBXProject;
			attributes = {
				BuildIndependentTargetsInParallel = 1;
				LastSwiftUpdateCheck = 1500;
				LastUpgradeCheck = 1500;
				TargetAttributes = {
					D6BF72782B3FF6DD00CCDB74 = {
						CreatedOnToolsVersion = 15.0;
					};
					D6BF728D2B3FF6DE00CCDB74 = {
						CreatedOnToolsVersion = 15.0;
						TestTargetID = D6BF72782B3FF6DD00CCDB74;
					};
					D6BF72972B3FF6DE00CCDB74 = {
						CreatedOnToolsVersion = 15.0;
						TestTargetID = D6BF72782B3FF6DD00CCDB74;
					};
				};
			};
			buildConfigurationList = D6BF72742B3FF6DD00CCDB74 /* Build configuration list for PBXProject "Instagram" */;
			compatibilityVersion = "Xcode 14.0";
			developmentRegion = en;
			hasScannedForEncodings = 0;
			knownRegions = (
				en,
				Base,
			);
			mainGroup = D6BF72702B3FF6DD00CCDB74;
			productRefGroup = D6BF727A2B3FF6DD00CCDB74 /* Products */;
			projectDirPath = "";
			projectRoot = "";
			targets = (
				D6BF72782B3FF6DD00CCDB74 /* Instagram */,
				D6BF728D2B3FF6DE00CCDB74 /* InstagramTests */,
				D6BF72972B3FF6DE00CCDB74 /* InstagramUITests */,
			);
		};
/* End PBXProject section */

/* Begin PBXResourcesBuildPhase section */
		D6BF72772B3FF6DD00CCDB74 /* Resources */ = {
			isa = PBXResourcesBuildPhase;
			buildActionMask = 2147483647;
			files = (
				D6BF72842B3FF6DE00CCDB74 /* Preview Assets.xcassets in Resources */,
				D6BF72812B3FF6DE00CCDB74 /* Assets.xcassets in Resources */,
			);
			runOnlyForDeploymentPostprocessing = 0;
		};
		D6BF728C2B3FF6DE00CCDB74 /* Resources */ = {
			isa = PBXResourcesBuildPhase;
			buildActionMask = 2147483647;
			files = (
			);
			runOnlyForDeploymentPostprocessing = 0;
		};
		D6BF72962B3FF6DE00CCDB74 /* Resources */ = {
			isa = PBXResourcesBuildPhase;
			buildActionMask = 2147483647;
			files = (
			);
			runOnlyForDeploymentPostprocessing = 0;
		};
/* End PBXResourcesBuildPhase section */

/* Begin PBXSourcesBuildPhase section */
		D6BF72752B3FF6DD00CCDB74 /* Sources */ = {
			isa = PBXSourcesBuildPhase;
			buildActionMask = 2147483647;
			files = (
				D6EC22182B5D4C1000B705E2 /* SearchMainView.swift in Sources */,
				D6EC221A2B5D4C1E00B705E2 /* PlusMainView.swift in Sources */,
				D6EC221E2B5D4C3800B705E2 /* MyPageMainView.swift in Sources */,
				D6BF72892B3FF6DE00CCDB74 /* Instagram.xcdatamodeld in Sources */,
				D6EC22152B5D4BFD00B705E2 /* MyHomeMainView.swift in Sources */,
				D6EC221C2B5D4C2C00B705E2 /* VideoMainView.swift in Sources */,
				D6BF727F2B3FF6DD00CCDB74 /* ContentView.swift in Sources */,
				D6BF727D2B3FF6DD00CCDB74 /* InstagramApp.swift in Sources */,
			);
			runOnlyForDeploymentPostprocessing = 0;
		};
		D6BF728A2B3FF6DE00CCDB74 /* Sources */ = {
			isa = PBXSourcesBuildPhase;
			buildActionMask = 2147483647;
			files = (
				D6BF72932B3FF6DE00CCDB74 /* InstagramTests.swift in Sources */,
			);
			runOnlyForDeploymentPostprocessing = 0;
		};
		D6BF72942B3FF6DE00CCDB74 /* Sources */ = {
			isa = PBXSourcesBuildPhase;
			buildActionMask = 2147483647;
			files = (
				D6BF729D2B3FF6DE00CCDB74 /* InstagramUITests.swift in Sources */,
				D6BF729F2B3FF6DE00CCDB74 /* InstagramUITestsLaunchTests.swift in Sources */,
			);
			runOnlyForDeploymentPostprocessing = 0;
		};
/* End PBXSourcesBuildPhase section */

/* Begin PBXTargetDependency section */
		D6BF72902B3FF6DE00CCDB74 /* PBXTargetDependency */ = {
			isa = PBXTargetDependency;
			target = D6BF72782B3FF6DD00CCDB74 /* Instagram */;
			targetProxy = D6BF728F2B3FF6DE00CCDB74 /* PBXContainerItemProxy */;
		};
		D6BF729A2B3FF6DE00CCDB74 /* PBXTargetDependency */ = {
			isa = PBXTargetDependency;
			target = D6BF72782B3FF6DD00CCDB74 /* Instagram */;
			targetProxy = D6BF72992B3FF6DE00CCDB74 /* PBXContainerItemProxy */;
		};
/* End PBXTargetDependency section */

/* Begin XCBuildConfiguration section */
		D6BF72A02B3FF6DE00CCDB74 /* Debug */ = {
			isa = XCBuildConfiguration;
			buildSettings = {
				ALWAYS_SEARCH_USER_PATHS = NO;
				ASSETCATALOG_COMPILER_GENERATE_SWIFT_ASSET_SYMBOL_EXTENSIONS = YES;
				CLANG_ANALYZER_NONNULL = YES;
				CLANG_ANALYZER_NUMBER_OBJECT_CONVERSION = YES_AGGRESSIVE;
				CLANG_CXX_LANGUAGE_STANDARD = "gnu++20";
				CLANG_ENABLE_MODULES = YES;
				CLANG_ENABLE_OBJC_ARC = YES;
				CLANG_ENABLE_OBJC_WEAK = YES;
				CLANG_WARN_BLOCK_CAPTURE_AUTORELEASING = YES;
				CLANG_WARN_BOOL_CONVERSION = YES;
				CLANG_WARN_COMMA = YES;
				CLANG_WARN_CONSTANT_CONVERSION = YES;
				CLANG_WARN_DEPRECATED_OBJC_IMPLEMENTATIONS = YES;
				CLANG_WARN_DIRECT_OBJC_ISA_USAGE = YES_ERROR;
				CLANG_WARN_DOCUMENTATION_COMMENTS = YES;
				CLANG_WARN_EMPTY_BODY = YES;
				CLANG_WARN_ENUM_CONVERSION = YES;
				CLANG_WARN_INFINITE_RECURSION = YES;
				CLANG_WARN_INT_CONVERSION = YES;
				CLANG_WARN_NON_LITERAL_NULL_CONVERSION = YES;
				CLANG_WARN_OBJC_IMPLICIT_RETAIN_SELF = YES;
				CLANG_WARN_OBJC_LITERAL_CONVERSION = YES;
				CLANG_WARN_OBJC_ROOT_CLASS = YES_ERROR;
				CLANG_WARN_QUOTED_INCLUDE_IN_FRAMEWORK_HEADER = YES;
				CLANG_WARN_RANGE_LOOP_ANALYSIS = YES;
				CLANG_WARN_STRICT_PROTOTYPES = YES;
				CLANG_WARN_SUSPICIOUS_MOVE = YES;
				CLANG_WARN_UNGUARDED_AVAILABILITY = YES_AGGRESSIVE;
				CLANG_WARN_UNREACHABLE_CODE = YES;
				CLANG_WARN__DUPLICATE_METHOD_MATCH = YES;
				COPY_PHASE_STRIP = NO;
				DEBUG_INFORMATION_FORMAT = dwarf;
				ENABLE_STRICT_OBJC_MSGSEND = YES;
				ENABLE_TESTABILITY = YES;
				ENABLE_USER_SCRIPT_SANDBOXING = YES;
				GCC_C_LANGUAGE_STANDARD = gnu17;
				GCC_DYNAMIC_NO_PIC = NO;
				GCC_NO_COMMON_BLOCKS = YES;
				GCC_OPTIMIZATION_LEVEL = 0;
				GCC_PREPROCESSOR_DEFINITIONS = (
					"DEBUG=1",
					"$(inherited)",
				);
				GCC_WARN_64_TO_32_BIT_CONVERSION = YES;
				GCC_WARN_ABOUT_RETURN_TYPE = YES_ERROR;
				GCC_WARN_UNDECLARED_SELECTOR = YES;
				GCC_WARN_UNINITIALIZED_AUTOS = YES_AGGRESSIVE;
				GCC_WARN_UNUSED_FUNCTION = YES;
				GCC_WARN_UNUSED_VARIABLE = YES;
				IPHONEOS_DEPLOYMENT_TARGET = 17.0;
				LOCALIZATION_PREFERS_STRING_CATALOGS = YES;
				MTL_ENABLE_DEBUG_INFO = INCLUDE_SOURCE;
				MTL_FAST_MATH = YES;
				ONLY_ACTIVE_ARCH = YES;
				SDKROOT = iphoneos;
				SWIFT_ACTIVE_COMPILATION_CONDITIONS = "DEBUG $(inherited)";
				SWIFT_OPTIMIZATION_LEVEL = "-Onone";
			};
			name = Debug;
		};
		D6BF72A12B3FF6DE00CCDB74 /* Release */ = {
			isa = XCBuildConfiguration;
			buildSettings = {
				ALWAYS_SEARCH_USER_PATHS = NO;
				ASSETCATALOG_COMPILER_GENERATE_SWIFT_ASSET_SYMBOL_EXTENSIONS = YES;
				CLANG_ANALYZER_NONNULL = YES;
				CLANG_ANALYZER_NUMBER_OBJECT_CONVERSION = YES_AGGRESSIVE;
				CLANG_CXX_LANGUAGE_STANDARD = "gnu++20";
				CLANG_ENABLE_MODULES = YES;
				CLANG_ENABLE_OBJC_ARC = YES;
				CLANG_ENABLE_OBJC_WEAK = YES;
				CLANG_WARN_BLOCK_CAPTURE_AUTORELEASING = YES;
				CLANG_WARN_BOOL_CONVERSION = YES;
				CLANG_WARN_COMMA = YES;
				CLANG_WARN_CONSTANT_CONVERSION = YES;
				CLANG_WARN_DEPRECATED_OBJC_IMPLEMENTATIONS = YES;
				CLANG_WARN_DIRECT_OBJC_ISA_USAGE = YES_ERROR;
				CLANG_WARN_DOCUMENTATION_COMMENTS = YES;
				CLANG_WARN_EMPTY_BODY = YES;
				CLANG_WARN_ENUM_CONVERSION = YES;
				CLANG_WARN_INFINITE_RECURSION = YES;
				CLANG_WARN_INT_CONVERSION = YES;
				CLANG_WARN_NON_LITERAL_NULL_CONVERSION = YES;
				CLANG_WARN_OBJC_IMPLICIT_RETAIN_SELF = YES;
				CLANG_WARN_OBJC_LITERAL_CONVERSION = YES;
				CLANG_WARN_OBJC_ROOT_CLASS = YES_ERROR;
				CLANG_WARN_QUOTED_INCLUDE_IN_FRAMEWORK_HEADER = YES;
				CLANG_WARN_RANGE_LOOP_ANALYSIS = YES;
				CLANG_WARN_STRICT_PROTOTYPES = YES;
				CLANG_WARN_SUSPICIOUS_MOVE = YES;
				CLANG_WARN_UNGUARDED_AVAILABILITY = YES_AGGRESSIVE;
				CLANG_WARN_UNREACHABLE_CODE = YES;
				CLANG_WARN__DUPLICATE_METHOD_MATCH = YES;
				COPY_PHASE_STRIP = NO;
				DEBUG_INFORMATION_FORMAT = "dwarf-with-dsym";
				ENABLE_NS_ASSERTIONS = NO;
				ENABLE_STRICT_OBJC_MSGSEND = YES;
				ENABLE_USER_SCRIPT_SANDBOXING = YES;
				GCC_C_LANGUAGE_STANDARD = gnu17;
				GCC_NO_COMMON_BLOCKS = YES;
				GCC_WARN_64_TO_32_BIT_CONVERSION = YES;
				GCC_WARN_ABOUT_RETURN_TYPE = YES_ERROR;
				GCC_WARN_UNDECLARED_SELECTOR = YES;
				GCC_WARN_UNINITIALIZED_AUTOS = YES_AGGRESSIVE;
				GCC_WARN_UNUSED_FUNCTION = YES;
				GCC_WARN_UNUSED_VARIABLE = YES;
				IPHONEOS_DEPLOYMENT_TARGET = 17.0;
				LOCALIZATION_PREFERS_STRING_CATALOGS = YES;
				MTL_ENABLE_DEBUG_INFO = NO;
				MTL_FAST_MATH = YES;
				SDKROOT = iphoneos;
				SWIFT_COMPILATION_MODE = wholemodule;
				VALIDATE_PRODUCT = YES;
			};
			name = Release;
		};
		D6BF72A32B3FF6DE00CCDB74 /* Debug */ = {
			isa = XCBuildConfiguration;
			buildSettings = {
				ASSETCATALOG_COMPILER_APPICON_NAME = AppIcon;
				ASSETCATALOG_COMPILER_GLOBAL_ACCENT_COLOR_NAME = AccentColor;
				CODE_SIGN_STYLE = Automatic;
				CURRENT_PROJECT_VERSION = 1;
				DEVELOPMENT_ASSET_PATHS = "\"Instagram/Preview Content\"";
				DEVELOPMENT_TEAM = 2YJXRFH75A;
				ENABLE_PREVIEWS = YES;
				GENERATE_INFOPLIST_FILE = YES;
				INFOPLIST_KEY_UIApplicationSceneManifest_Generation = YES;
				INFOPLIST_KEY_UIApplicationSupportsIndirectInputEvents = YES;
				INFOPLIST_KEY_UILaunchScreen_Generation = YES;
				INFOPLIST_KEY_UISupportedInterfaceOrientations_iPad = "UIInterfaceOrientationPortrait UIInterfaceOrientationPortraitUpsideDown UIInterfaceOrientationLandscapeLeft UIInterfaceOrientationLandscapeRight";
				INFOPLIST_KEY_UISupportedInterfaceOrientations_iPhone = "UIInterfaceOrientationPortrait UIInterfaceOrientationLandscapeLeft UIInterfaceOrientationLandscapeRight";
				LD_RUNPATH_SEARCH_PATHS = (
					"$(inherited)",
					"@executable_path/Frameworks",
				);
				MARKETING_VERSION = 1.0;
				PRODUCT_BUNDLE_IDENTIFIER = com.sunny.Instagram;
				PRODUCT_NAME = "$(TARGET_NAME)";
				SWIFT_EMIT_LOC_STRINGS = YES;
				SWIFT_VERSION = 5.0;
				TARGETED_DEVICE_FAMILY = "1,2";
			};
			name = Debug;
		};
		D6BF72A42B3FF6DE00CCDB74 /* Release */ = {
			isa = XCBuildConfiguration;
			buildSettings = {
				ASSETCATALOG_COMPILER_APPICON_NAME = AppIcon;
				ASSETCATALOG_COMPILER_GLOBAL_ACCENT_COLOR_NAME = AccentColor;
				CODE_SIGN_STYLE = Automatic;
				CURRENT_PROJECT_VERSION = 1;
				DEVELOPMENT_ASSET_PATHS = "\"Instagram/Preview Content\"";
				DEVELOPMENT_TEAM = 2YJXRFH75A;
				ENABLE_PREVIEWS = YES;
				GENERATE_INFOPLIST_FILE = YES;
				INFOPLIST_KEY_UIApplicationSceneManifest_Generation = YES;
				INFOPLIST_KEY_UIApplicationSupportsIndirectInputEvents = YES;
				INFOPLIST_KEY_UILaunchScreen_Generation = YES;
				INFOPLIST_KEY_UISupportedInterfaceOrientations_iPad = "UIInterfaceOrientationPortrait UIInterfaceOrientationPortraitUpsideDown UIInterfaceOrientationLandscapeLeft UIInterfaceOrientationLandscapeRight";
				INFOPLIST_KEY_UISupportedInterfaceOrientations_iPhone = "UIInterfaceOrientationPortrait UIInterfaceOrientationLandscapeLeft UIInterfaceOrientationLandscapeRight";
				LD_RUNPATH_SEARCH_PATHS = (
					"$(inherited)",
					"@executable_path/Frameworks",
				);
				MARKETING_VERSION = 1.0;
				PRODUCT_BUNDLE_IDENTIFIER = com.sunny.Instagram;
				PRODUCT_NAME = "$(TARGET_NAME)";
				SWIFT_EMIT_LOC_STRINGS = YES;
				SWIFT_VERSION = 5.0;
				TARGETED_DEVICE_FAMILY = "1,2";
			};
			name = Release;
		};
		D6BF72A62B3FF6DE00CCDB74 /* Debug */ = {
			isa = XCBuildConfiguration;
			buildSettings = {
				ALWAYS_EMBED_SWIFT_STANDARD_LIBRARIES = YES;
				BUNDLE_LOADER = "$(TEST_HOST)";
				CODE_SIGN_STYLE = Automatic;
				CURRENT_PROJECT_VERSION = 1;
				DEVELOPMENT_TEAM = 2YJXRFH75A;
				GENERATE_INFOPLIST_FILE = YES;
				IPHONEOS_DEPLOYMENT_TARGET = 17.0;
				MARKETING_VERSION = 1.0;
				PRODUCT_BUNDLE_IDENTIFIER = com.sunny.InstagramTests;
				PRODUCT_NAME = "$(TARGET_NAME)";
				SWIFT_EMIT_LOC_STRINGS = NO;
				SWIFT_VERSION = 5.0;
				TARGETED_DEVICE_FAMILY = "1,2";
				TEST_HOST = "$(BUILT_PRODUCTS_DIR)/Instagram.app/$(BUNDLE_EXECUTABLE_FOLDER_PATH)/Instagram";
			};
			name = Debug;
		};
		D6BF72A72B3FF6DE00CCDB74 /* Release */ = {
			isa = XCBuildConfiguration;
			buildSettings = {
				ALWAYS_EMBED_SWIFT_STANDARD_LIBRARIES = YES;
				BUNDLE_LOADER = "$(TEST_HOST)";
				CODE_SIGN_STYLE = Automatic;
				CURRENT_PROJECT_VERSION = 1;
				DEVELOPMENT_TEAM = 2YJXRFH75A;
				GENERATE_INFOPLIST_FILE = YES;
				IPHONEOS_DEPLOYMENT_TARGET = 17.0;
				MARKETING_VERSION = 1.0;
				PRODUCT_BUNDLE_IDENTIFIER = com.sunny.InstagramTests;
				PRODUCT_NAME = "$(TARGET_NAME)";
				SWIFT_EMIT_LOC_STRINGS = NO;
				SWIFT_VERSION = 5.0;
				TARGETED_DEVICE_FAMILY = "1,2";
				TEST_HOST = "$(BUILT_PRODUCTS_DIR)/Instagram.app/$(BUNDLE_EXECUTABLE_FOLDER_PATH)/Instagram";
			};
			name = Release;
		};
		D6BF72A92B3FF6DE00CCDB74 /* Debug */ = {
			isa = XCBuildConfiguration;
			buildSettings = {
				ALWAYS_EMBED_SWIFT_STANDARD_LIBRARIES = YES;
				CODE_SIGN_STYLE = Automatic;
				CURRENT_PROJECT_VERSION = 1;
				DEVELOPMENT_TEAM = 2YJXRFH75A;
				GENERATE_INFOPLIST_FILE = YES;
				MARKETING_VERSION = 1.0;
				PRODUCT_BUNDLE_IDENTIFIER = com.sunny.InstagramUITests;
				PRODUCT_NAME = "$(TARGET_NAME)";
				SWIFT_EMIT_LOC_STRINGS = NO;
				SWIFT_VERSION = 5.0;
				TARGETED_DEVICE_FAMILY = "1,2";
				TEST_TARGET_NAME = Instagram;
			};
			name = Debug;
		};
		D6BF72AA2B3FF6DE00CCDB74 /* Release */ = {
			isa = XCBuildConfiguration;
			buildSettings = {
				ALWAYS_EMBED_SWIFT_STANDARD_LIBRARIES = YES;
				CODE_SIGN_STYLE = Automatic;
				CURRENT_PROJECT_VERSION = 1;
				DEVELOPMENT_TEAM = 2YJXRFH75A;
				GENERATE_INFOPLIST_FILE = YES;
				MARKETING_VERSION = 1.0;
				PRODUCT_BUNDLE_IDENTIFIER = com.sunny.InstagramUITests;
				PRODUCT_NAME = "$(TARGET_NAME)";
				SWIFT_EMIT_LOC_STRINGS = NO;
				SWIFT_VERSION = 5.0;
				TARGETED_DEVICE_FAMILY = "1,2";
				TEST_TARGET_NAME = Instagram;
			};
			name = Release;
		};
/* End XCBuildConfiguration section */

/* Begin XCConfigurationList section */
		D6BF72742B3FF6DD00CCDB74 /* Build configuration list for PBXProject "Instagram" */ = {
			isa = XCConfigurationList;
			buildConfigurations = (
				D6BF72A02B3FF6DE00CCDB74 /* Debug */,
				D6BF72A12B3FF6DE00CCDB74 /* Release */,
			);
			defaultConfigurationIsVisible = 0;
			defaultConfigurationName = Release;
		};
		D6BF72A22B3FF6DE00CCDB74 /* Build configuration list for PBXNativeTarget "Instagram" */ = {
			isa = XCConfigurationList;
			buildConfigurations = (
				D6BF72A32B3FF6DE00CCDB74 /* Debug */,
				D6BF72A42B3FF6DE00CCDB74 /* Release */,
			);
			defaultConfigurationIsVisible = 0;
			defaultConfigurationName = Release;
		};
		D6BF72A52B3FF6DE00CCDB74 /* Build configuration list for PBXNativeTarget "InstagramTests" */ = {
			isa = XCConfigurationList;
			buildConfigurations = (
				D6BF72A62B3FF6DE00CCDB74 /* Debug */,
				D6BF72A72B3FF6DE00CCDB74 /* Release */,
			);
			defaultConfigurationIsVisible = 0;
			defaultConfigurationName = Release;
		};
		D6BF72A82B3FF6DE00CCDB74 /* Build configuration list for PBXNativeTarget "InstagramUITests" */ = {
			isa = XCConfigurationList;
			buildConfigurations = (
				D6BF72A92B3FF6DE00CCDB74 /* Debug */,
				D6BF72AA2B3FF6DE00CCDB74 /* Release */,
			);
			defaultConfigurationIsVisible = 0;
			defaultConfigurationName = Release;
		};
/* End XCConfigurationList section */

/* Begin XCVersionGroup section */
		D6BF72872B3FF6DE00CCDB74 /* Instagram.xcdatamodeld */ = {
			isa = XCVersionGroup;
			children = (
				D6BF72882B3FF6DE00CCDB74 /* Instagram.xcdatamodel */,
			);
			currentVersion = D6BF72882B3FF6DE00CCDB74 /* Instagram.xcdatamodel */;
			path = Instagram.xcdatamodeld;
			sourceTree = "<group>";
			versionGroupType = wrapper.xcdatamodel;
		};
/* End XCVersionGroup section */
	};
	rootObject = D6BF72712B3FF6DD00CCDB74 /* Project object */;
}
